
Microsoft Visual Studio Solution File, Format Version 12.00
# Visual Studio Version 17
VisualStudioVersion = 17.7.34018.315
MinimumVisualStudioVersion = 10.0.40219.1
Project("{FAE04EC0-301F-11D3-BF4B-00C04F79EFBC}") = "481194-Salwa Maharani-ResponsiJuniorProject", "481194-Salwa Maharani-ResponsiJuniorProject\481194-Salwa Maharani-ResponsiJuniorProject.csproj", "{329D243C-2CCD-474C-B00B-B744E749D681}"
EndProject
Global
	GlobalSection(SolutionConfigurationPlatforms) = preSolution
		Debug|Any CPU = Debug|Any CPU
		Release|Any CPU = Release|Any CPU
	EndGlobalSection
	GlobalSection(ProjectConfigurationPlatforms) = postSolution
		{329D243C-2CCD-474C-B00B-B744E749D681}.Debug|Any CPU.ActiveCfg = Debug|Any CPU
		{329D243C-2CCD-474C-B00B-B744E749D681}.Debug|Any CPU.Build.0 = Debug|Any CPU
		{329D243C-2CCD-474C-B00B-B744E749D681}.Release|Any CPU.ActiveCfg = Release|Any CPU
		{329D243C-2CCD-474C-B00B-B744E749D681}.Release|Any CPU.Build.0 = Release|Any CPU
	EndGlobalSection
	GlobalSection(SolutionProperties) = preSolution
		HideSolutionNode = FALSE
	EndGlobalSection
	GlobalSection(ExtensibilityGlobals) = postSolution
		SolutionGuid = {8E900207-8744-4EAA-9CE1-C4C198772685}
	EndGlobalSection
EndGlobal
